{
  "name": "sandal-network",
  "version": "1.0.0",
  "lockfileVersion": 3,
  "requires": true,
  "packages": {
    "": {
      "name": "sandal-network",
      "version": "1.0.0",
      "license": "ISC",
      "dependencies": {
        "@atomicport/symbol": "^0.0.1",
        "rxjs": "^7.8.1",
        "symbol-sdk": "^2.0.5"
      }
    },
    "node_modules/@atomicport/symbol": {
      "version": "0.0.1",
      "resolved": "https://registry.npmjs.org/@atomicport/symbol/-/symbol-0.0.1.tgz",
      "integrity": "sha512-fX9t/0QTgG8OjzxLMa/cYj5dsk6wD6lL5yWog26uWMoKzuIuNfSI3PxgvyYpy2fv77XjiuBIo/JBNXeMOUNYZg==",
      "engines": {
        "node": ">=12.22.1"
      },
      "peerDependencies": {
        "rxjs": "^7.4.0",
        "symbol-sdk": "^2.0.3"
      }
    },
    "node_modules/@ethereumjs/rlp": {
      "version": "4.0.1",
      "resolved": "https://registry.npmjs.org/@ethereumjs/rlp/-/rlp-4.0.1.tgz",
      "integrity": "sha512-tqsQiBQDQdmPWE1xkkBq4rlSW5QZpLOUJ5RJh2/9fug+q9tnUhuZoVLk7s0scUIKTOzEtR72DFBXI4WiZcMpvw==",
      "bin": {
        "rlp": "bin/rlp"
      },
      "engines": {
        "node": ">=14"
      }
    },
    "node_modules/@ethereumjs/util": {
      "version": "8.1.0",
      "resolved": "https://registry.npmjs.org/@ethereumjs/util/-/util-8.1.0.tgz",
      "integrity": "sha512-zQ0IqbdX8FZ9aw11vP+dZkKDkS+kgIvQPHnSAXzP9pLu+Rfu3D3XEeLbicvoXJTYnhZiPmsZUxgdzXwNKxRPbA==",
      "dependencies": {
        "@ethereumjs/rlp": "^4.0.1",
        "ethereum-cryptography": "^2.0.0",
        "micro-ftch": "^0.3.1"
      },
      "engines": {
        "node": ">=14"
      }
    },
    "node_modules/@js-joda/core": {
      "version": "3.2.0",
      "resolved": "https://registry.npmjs.org/@js-joda/core/-/core-3.2.0.tgz",
      "integrity": "sha512-PMqgJ0sw5B7FKb2d5bWYIoxjri+QlW/Pys7+Rw82jSH0QN3rB05jZ/VrrsUdh1w4+i2kw9JOejXGq/KhDOX7Kg=="
    },
    "node_modules/@noble/curves": {
      "version": "1.3.0",
      "resolved": "https://registry.npmjs.org/@noble/curves/-/curves-1.3.0.tgz",
      "integrity": "sha512-t01iSXPuN+Eqzb4eBX0S5oubSqXbK/xXa1Ne18Hj8f9pStxztHCE2gfboSp/dZRLSqfuLpRK2nDXDK+W9puocA==",
      "dependencies": {
        "@noble/hashes": "1.3.3"
      },
      "funding": {
        "url": "https://paulmillr.com/funding/"
      }
    },
    "node_modules/@noble/hashes": {
      "version": "1.3.3",
      "resolved": "https://registry.npmjs.org/@noble/hashes/-/hashes-1.3.3.tgz",
      "integrity": "sha512-V7/fPHgl+jsVPXqqeOzT8egNj2iBIVt+ECeMMG8TdcnTikP3oaBtUVqpT/gYCR68aEBJSF+XbYUxStjbFMqIIA==",
      "engines": {
        "node": ">= 16"
      },
      "funding": {
        "url": "https://paulmillr.com/funding/"
      }
    },
    "node_modules/@scure/base": {
      "version": "1.1.6",
      "resolved": "https://registry.npmjs.org/@scure/base/-/base-1.1.6.tgz",
      "integrity": "sha512-ok9AWwhcgYuGG3Zfhyqg+zwl+Wn5uE+dwC0NV/2qQkx4dABbb/bx96vWu8NSj+BNjjSjno+JRYRjle1jV08k3g==",
      "funding": {
        "url": "https://paulmillr.com/funding/"
      }
    },
    "node_modules/@scure/bip32": {
      "version": "1.3.3",
      "resolved": "https://registry.npmjs.org/@scure/bip32/-/bip32-1.3.3.tgz",
      "integrity": "sha512-LJaN3HwRbfQK0X1xFSi0Q9amqOgzQnnDngIt+ZlsBC3Bm7/nE7K0kwshZHyaru79yIVRv/e1mQAjZyuZG6jOFQ==",
      "dependencies": {
        "@noble/curves": "~1.3.0",
        "@noble/hashes": "~1.3.2",
        "@scure/base": "~1.1.4"
      },
      "funding": {
        "url": "https://paulmillr.com/funding/"
      }
    },
    "node_modules/@scure/bip39": {
      "version": "1.2.2",
      "resolved": "https://registry.npmjs.org/@scure/bip39/-/bip39-1.2.2.tgz",
      "integrity": "sha512-HYf9TUXG80beW+hGAt3TRM8wU6pQoYur9iNypTROm42dorCGmLnFe3eWjz3gOq6G62H2WRh0FCzAR1PI+29zIA==",
      "dependencies": {
        "@noble/hashes": "~1.3.2",
        "@scure/base": "~1.1.4"
      },
      "funding": {
        "url": "https://paulmillr.com/funding/"
      }
    },
    "node_modules/bignumber.js": {
      "version": "9.1.2",
      "resolved": "https://registry.npmjs.org/bignumber.js/-/bignumber.js-9.1.2.tgz",
      "integrity": "sha512-2/mKyZH9K85bzOEfhXDBFZTGd1CTs+5IHpeFQo9luiBG7hghdC851Pj2WAhb6E3R6b9tZj/XKhbg4fum+Kepug==",
      "engines": {
        "node": "*"
      }
    },
    "node_modules/bn.js": {
      "version": "5.2.1",
      "resolved": "https://registry.npmjs.org/bn.js/-/bn.js-5.2.1.tgz",
      "integrity": "sha512-eXRvHzWyYPBuB4NBy0cmYQjGitUrtqwbvlzP3G6VFnNRbsZQIxQ10PbKKHt8gZ/HW/D/747aDl+QkDqg3KQLMQ=="
    },
    "node_modules/buffer-reverse": {
      "version": "1.0.1",
      "resolved": "https://registry.npmjs.org/buffer-reverse/-/buffer-reverse-1.0.1.tgz",
      "integrity": "sha512-M87YIUBsZ6N924W57vDwT/aOu8hw7ZgdByz6ijksLjmHJELBASmYTTlNHRgjE+pTsT9oJXGaDSgqqwfdHotDUg=="
    },
    "node_modules/catbuffer-typescript": {
      "version": "1.0.2",
      "resolved": "https://registry.npmjs.org/catbuffer-typescript/-/catbuffer-typescript-1.0.2.tgz",
      "integrity": "sha512-wFcpz5A9H1jqVyfaTv596V3X19b1iBfz25CPAesQjtFDVq2zY0G2HvoYldggqlkmqNbkFaz5TICkKRsWgn9dyQ=="
    },
    "node_modules/crypto-js": {
      "version": "4.2.0",
      "resolved": "https://registry.npmjs.org/crypto-js/-/crypto-js-4.2.0.tgz",
      "integrity": "sha512-KALDyEYgpY+Rlob/iriUtjV6d5Eq+Y191A5g4UqLAi8CyGP9N1+FdVbkc1SxKc2r4YAYqG8JzO2KGL+AizD70Q=="
    },
    "node_modules/ethereum-bloom-filters": {
      "version": "1.0.10",
      "resolved": "https://registry.npmjs.org/ethereum-bloom-filters/-/ethereum-bloom-filters-1.0.10.tgz",
      "integrity": "sha512-rxJ5OFN3RwjQxDcFP2Z5+Q9ho4eIdEmSc2ht0fCu8Se9nbXjZ7/031uXoUYJ87KHCOdVeiUuwSnoS7hmYAGVHA==",
      "dependencies": {
        "js-sha3": "^0.8.0"
      }
    },
    "node_modules/ethereum-cryptography": {
      "version": "2.1.3",
      "resolved": "https://registry.npmjs.org/ethereum-cryptography/-/ethereum-cryptography-2.1.3.tgz",
      "integrity": "sha512-BlwbIL7/P45W8FGW2r7LGuvoEZ+7PWsniMvQ4p5s2xCyw9tmaDlpfsN9HjAucbF+t/qpVHwZUisgfK24TCW8aA==",
      "dependencies": {
        "@noble/curves": "1.3.0",
        "@noble/hashes": "1.3.3",
        "@scure/bip32": "1.3.3",
        "@scure/bip39": "1.2.2"
      }
    },
    "node_modules/ethjs-unit": {
      "version": "0.1.6",
      "resolved": "https://registry.npmjs.org/ethjs-unit/-/ethjs-unit-0.1.6.tgz",
      "integrity": "sha512-/Sn9Y0oKl0uqQuvgFk/zQgR7aw1g36qX/jzSQ5lSwlO0GigPymk4eGQfeNTD03w1dPOqfz8V77Cy43jH56pagw==",
      "dependencies": {
        "bn.js": "4.11.6",
        "number-to-bn": "1.7.0"
      },
      "engines": {
        "node": ">=6.5.0",
        "npm": ">=3"
      }
    },
    "node_modules/ethjs-unit/node_modules/bn.js": {
      "version": "4.11.6",
      "resolved": "https://registry.npmjs.org/bn.js/-/bn.js-4.11.6.tgz",
      "integrity": "sha512-XWwnNNFCuuSQ0m3r3C4LE3EiORltHd9M05pq6FOlVeiophzRbMo50Sbz1ehl8K3Z+jw9+vmgnXefY1hz8X+2wA=="
    },
    "node_modules/futoin-hkdf": {
      "version": "1.5.3",
      "resolved": "https://registry.npmjs.org/futoin-hkdf/-/futoin-hkdf-1.5.3.tgz",
      "integrity": "sha512-SewY5KdMpaoCeh7jachEWFsh1nNlaDjNHZXWqL5IGwtpEYHTgkr2+AMCgNwKWkcc0wpSYrZfR7he4WdmHFtDxQ==",
      "engines": {
        "node": ">=8"
      }
    },
    "node_modules/hash-base": {
      "version": "3.1.0",
      "resolved": "https://registry.npmjs.org/hash-base/-/hash-base-3.1.0.tgz",
      "integrity": "sha512-1nmYp/rhMDiE7AYkDw+lLwlAzz0AntGIe51F3RfFfEqyQ3feY2eI/NcwC6umIQVOASPMsWJLJScWKSSvzL9IVA==",
      "dependencies": {
        "inherits": "^2.0.4",
        "readable-stream": "^3.6.0",
        "safe-buffer": "^5.2.0"
      },
      "engines": {
        "node": ">=4"
      }
    },
    "node_modules/inherits": {
      "version": "2.0.4",
      "resolved": "https://registry.npmjs.org/inherits/-/inherits-2.0.4.tgz",
      "integrity": "sha512-k/vGaX4/Yla3WzyMCvTQOXYeIHvqOKtnqBduzTHpzpQZzAskKMhZ2K+EnBiSM9zGSoIFeMpXKxa4dYeZIQqewQ=="
    },
    "node_modules/is-hex-prefixed": {
      "version": "1.0.0",
      "resolved": "https://registry.npmjs.org/is-hex-prefixed/-/is-hex-prefixed-1.0.0.tgz",
      "integrity": "sha512-WvtOiug1VFrE9v1Cydwm+FnXd3+w9GaeVUss5W4v/SLy3UW00vP+6iNF2SdnfiBoLy4bTqVdkftNGTUeOFVsbA==",
      "engines": {
        "node": ">=6.5.0",
        "npm": ">=3"
      }
    },
    "node_modules/js-sha256": {
      "version": "0.9.0",
      "resolved": "https://registry.npmjs.org/js-sha256/-/js-sha256-0.9.0.tgz",
      "integrity": "sha512-sga3MHh9sgQN2+pJ9VYZ+1LPwXOxuBJBA5nrR5/ofPfuiJBE2hnjsaN8se8JznOmGLN2p49Pe5U/ttafcs/apA=="
    },
    "node_modules/js-sha3": {
      "version": "0.8.0",
      "resolved": "https://registry.npmjs.org/js-sha3/-/js-sha3-0.8.0.tgz",
      "integrity": "sha512-gF1cRrHhIzNfToc802P800N8PpXS+evLLXfsVpowqmAFR9uwbi89WvXg2QspOmXL8QL86J4T1EpFu+yUkwJY3Q=="
    },
    "node_modules/js-sha512": {
      "version": "0.8.0",
      "resolved": "https://registry.npmjs.org/js-sha512/-/js-sha512-0.8.0.tgz",
      "integrity": "sha512-PWsmefG6Jkodqt+ePTvBZCSMFgN7Clckjd0O7su3I0+BW2QWUTJNzjktHsztGLhncP2h8mcF9V9Y2Ha59pAViQ=="
    },
    "node_modules/long": {
      "version": "4.0.0",
      "resolved": "https://registry.npmjs.org/long/-/long-4.0.0.tgz",
      "integrity": "sha512-XsP+KhQif4bjX1kbuSiySJFNAehNxgLb6hPRGJ9QsUr8ajHkuXGdrHmFUTUUXhDwVX2R5bY4JNZEwbUiMhV+MA=="
    },
    "node_modules/merkletreejs": {
      "version": "0.2.32",
      "resolved": "https://registry.npmjs.org/merkletreejs/-/merkletreejs-0.2.32.tgz",
      "integrity": "sha512-TostQBiwYRIwSE5++jGmacu3ODcKAgqb0Y/pnIohXS7sWxh1gCkSptbmF1a43faehRDpcHf7J/kv0Ml2D/zblQ==",
      "dependencies": {
        "bignumber.js": "^9.0.1",
        "buffer-reverse": "^1.0.1",
        "crypto-js": "^3.1.9-1",
        "treeify": "^1.1.0",
        "web3-utils": "^1.3.4"
      },
      "engines": {
        "node": ">= 7.6.0"
      }
    },
    "node_modules/merkletreejs/node_modules/crypto-js": {
      "version": "3.3.0",
      "resolved": "https://registry.npmjs.org/crypto-js/-/crypto-js-3.3.0.tgz",
      "integrity": "sha512-DIT51nX0dCfKltpRiXV+/TVZq+Qq2NgF4644+K7Ttnla7zEzqc+kjJyiB96BHNyUTBxyjzRcZYpUdZa+QAqi6Q=="
    },
    "node_modules/micro-ftch": {
      "version": "0.3.1",
      "resolved": "https://registry.npmjs.org/micro-ftch/-/micro-ftch-0.3.1.tgz",
      "integrity": "sha512-/0LLxhzP0tfiR5hcQebtudP56gUurs2CLkGarnCiB/OqEyUFQ6U3paQi/tgLv0hBJYt2rnr9MNpxz4fiiugstg=="
    },
    "node_modules/node-fetch": {
      "version": "2.7.0",
      "resolved": "https://registry.npmjs.org/node-fetch/-/node-fetch-2.7.0.tgz",
      "integrity": "sha512-c4FRfUm/dbcWZ7U+1Wq0AwCyFL+3nt2bEw05wfxSz+DWpWsitgmSgYmy2dQdWyKC1694ELPqMs/YzUSNozLt8A==",
      "dependencies": {
        "whatwg-url": "^5.0.0"
      },
      "engines": {
        "node": "4.x || >=6.0.0"
      },
      "peerDependencies": {
        "encoding": "^0.1.0"
      },
      "peerDependenciesMeta": {
        "encoding": {
          "optional": true
        }
      }
    },
    "node_modules/number-to-bn": {
      "version": "1.7.0",
      "resolved": "https://registry.npmjs.org/number-to-bn/-/number-to-bn-1.7.0.tgz",
      "integrity": "sha512-wsJ9gfSz1/s4ZsJN01lyonwuxA1tml6X1yBDnfpMglypcBRFZZkus26EdPSlqS5GJfYddVZa22p3VNb3z5m5Ig==",
      "dependencies": {
        "bn.js": "4.11.6",
        "strip-hex-prefix": "1.0.0"
      },
      "engines": {
        "node": ">=6.5.0",
        "npm": ">=3"
      }
    },
    "node_modules/number-to-bn/node_modules/bn.js": {
      "version": "4.11.6",
      "resolved": "https://registry.npmjs.org/bn.js/-/bn.js-4.11.6.tgz",
      "integrity": "sha512-XWwnNNFCuuSQ0m3r3C4LE3EiORltHd9M05pq6FOlVeiophzRbMo50Sbz1ehl8K3Z+jw9+vmgnXefY1hz8X+2wA=="
    },
    "node_modules/randombytes": {
      "version": "2.1.0",
      "resolved": "https://registry.npmjs.org/randombytes/-/randombytes-2.1.0.tgz",
      "integrity": "sha512-vYl3iOX+4CKUWuxGi9Ukhie6fsqXqS9FE2Zaic4tNFD2N2QQaXOMFbuKK4QmDHC0JO6B1Zp41J0LpT0oR68amQ==",
      "dependencies": {
        "safe-buffer": "^5.1.0"
      }
    },
    "node_modules/readable-stream": {
      "version": "3.6.2",
      "resolved": "https://registry.npmjs.org/readable-stream/-/readable-stream-3.6.2.tgz",
      "integrity": "sha512-9u/sniCrY3D5WdsERHzHE4G2YCXqoG5FTHUiCC4SIbr6XcLZBY05ya9EKjYek9O5xOAwjGq+1JdGBAS7Q9ScoA==",
      "dependencies": {
        "inherits": "^2.0.3",
        "string_decoder": "^1.1.1",
        "util-deprecate": "^1.0.1"
      },
      "engines": {
        "node": ">= 6"
      }
    },
    "node_modules/ripemd160": {
      "version": "2.0.2",
      "resolved": "https://registry.npmjs.org/ripemd160/-/ripemd160-2.0.2.tgz",
      "integrity": "sha512-ii4iagi25WusVoiC4B4lq7pbXfAp3D9v5CwfkY33vffw2+pkDjY1D8GaN7spsxvCSx8dkPqOZCEZyfxcmJG2IA==",
      "dependencies": {
        "hash-base": "^3.0.0",
        "inherits": "^2.0.1"
      }
    },
    "node_modules/rxjs": {
      "version": "7.8.1",
      "resolved": "https://registry.npmjs.org/rxjs/-/rxjs-7.8.1.tgz",
      "integrity": "sha512-AA3TVj+0A2iuIoQkWEK/tqFjBq2j+6PO6Y0zJcvzLAFhEFIO3HL0vls9hWLncZbAAbK0mar7oZ4V079I/qPMxg==",
      "dependencies": {
        "tslib": "^2.1.0"
      }
    },
    "node_modules/safe-buffer": {
      "version": "5.2.1",
      "resolved": "https://registry.npmjs.org/safe-buffer/-/safe-buffer-5.2.1.tgz",
      "integrity": "sha512-rp3So07KcdmmKbGvgaNxQSJr7bGVSVk5S9Eq1F+ppbRo70+YeaDxkw5Dd8NPN+GD6bjnYm2VuPuCXmpuYvmCXQ==",
      "funding": [
        {
          "type": "github",
          "url": "https://github.com/sponsors/feross"
        },
        {
          "type": "patreon",
          "url": "https://www.patreon.com/feross"
        },
        {
          "type": "consulting",
          "url": "https://feross.org/support"
        }
      ]
    },
    "node_modules/string_decoder": {
      "version": "1.3.0",
      "resolved": "https://registry.npmjs.org/string_decoder/-/string_decoder-1.3.0.tgz",
      "integrity": "sha512-hkRX8U1WjJFd8LsDJ2yQ/wWWxaopEsABU1XfkM8A+j0+85JAGppt16cr1Whg6KIbb4okU6Mql6BOj+uup/wKeA==",
      "dependencies": {
        "safe-buffer": "~5.2.0"
      }
    },
    "node_modules/strip-hex-prefix": {
      "version": "1.0.0",
      "resolved": "https://registry.npmjs.org/strip-hex-prefix/-/strip-hex-prefix-1.0.0.tgz",
      "integrity": "sha512-q8d4ue7JGEiVcypji1bALTos+0pWtyGlivAWyPuTkHzuTCJqrK9sWxYQZUq6Nq3cuyv3bm734IhHvHtGGURU6A==",
      "dependencies": {
        "is-hex-prefixed": "1.0.0"
      },
      "engines": {
        "node": ">=6.5.0",
        "npm": ">=3"
      }
    },
    "node_modules/symbol-openapi-typescript-fetch-client": {
      "version": "1.0.3",
      "resolved": "https://registry.npmjs.org/symbol-openapi-typescript-fetch-client/-/symbol-openapi-typescript-fetch-client-1.0.3.tgz",
      "integrity": "sha512-Md3/wkYLWTeJ/o99kXajW5dDs7Ok7AWfGRGDThb2bpC53KVxwnMl2ho/KUPT2Y+CeuIB62+Hgp9NtJLvgXYzHw=="
    },
    "node_modules/symbol-sdk": {
      "version": "2.0.5",
      "resolved": "https://registry.npmjs.org/symbol-sdk/-/symbol-sdk-2.0.5.tgz",
      "integrity": "sha512-wAeTnk0W4Yca4LVFIpKk1lirs1g5HfHSAng7DatGCYugyRyuw4Bj3zKYgPq8r2TMpTHv8oPDo3v9mMA5FYvtVw==",
      "dependencies": {
        "@js-joda/core": "^3.2.0",
        "catbuffer-typescript": "^1.0.2",
        "crypto-js": "^4.0.0",
        "futoin-hkdf": "^1.3.2",
        "js-sha256": "^0.9.0",
        "js-sha3": "^0.8.0",
        "js-sha512": "^0.8.0",
        "long": "^4.0.0",
        "merkletreejs": "^0.2.9",
        "node-fetch": "^2.6.0",
        "ripemd160": "^2.0.2",
        "rxjs": "^7.4.0",
        "symbol-openapi-typescript-fetch-client": "^1.0.3",
        "tweetnacl": "^1.0.3",
        "utf8": "^2.1.2",
        "ws": "^7.3.1"
      },
      "engines": {
        "node": ">=12.22.1"
      }
    },
    "node_modules/tr46": {
      "version": "0.0.3",
      "resolved": "https://registry.npmjs.org/tr46/-/tr46-0.0.3.tgz",
      "integrity": "sha512-N3WMsuqV66lT30CrXNbEjx4GEwlow3v6rr4mCcv6prnfwhS01rkgyFdjPNBYd9br7LpXV1+Emh01fHnq2Gdgrw=="
    },
    "node_modules/treeify": {
      "version": "1.1.0",
      "resolved": "https://registry.npmjs.org/treeify/-/treeify-1.1.0.tgz",
      "integrity": "sha512-1m4RA7xVAJrSGrrXGs0L3YTwyvBs2S8PbRHaLZAkFw7JR8oIFwYtysxlBZhYIa7xSyiYJKZ3iGrrk55cGA3i9A==",
      "engines": {
        "node": ">=0.6"
      }
    },
    "node_modules/tslib": {
      "version": "2.6.2",
      "resolved": "https://registry.npmjs.org/tslib/-/tslib-2.6.2.tgz",
      "integrity": "sha512-AEYxH93jGFPn/a2iVAwW87VuUIkR1FVUKB77NwMF7nBTDkDrrT/Hpt/IrCJ0QXhW27jTBDcf5ZY7w6RiqTMw2Q=="
    },
    "node_modules/tweetnacl": {
      "version": "1.0.3",
      "resolved": "https://registry.npmjs.org/tweetnacl/-/tweetnacl-1.0.3.tgz",
      "integrity": "sha512-6rt+RN7aOi1nGMyC4Xa5DdYiukl2UWCbcJft7YhxReBGQD7OAM8Pbxw6YMo4r2diNEA8FEmu32YOn9rhaiE5yw=="
    },
    "node_modules/utf8": {
      "version": "2.1.2",
      "resolved": "https://registry.npmjs.org/utf8/-/utf8-2.1.2.tgz",
      "integrity": "sha512-QXo+O/QkLP/x1nyi54uQiG0XrODxdysuQvE5dtVqv7F5K2Qb6FsN+qbr6KhF5wQ20tfcV3VQp0/2x1e1MRSPWg=="
    },
    "node_modules/util-deprecate": {
      "version": "1.0.2",
      "resolved": "https://registry.npmjs.org/util-deprecate/-/util-deprecate-1.0.2.tgz",
      "integrity": "sha512-EPD5q1uXyFxJpCrLnCc1nHnq3gOa6DZBocAIiI2TaSCA7VCJ1UJDMagCzIkXNsUYfD1daK//LTEQ8xiIbrHtcw=="
    },
    "node_modules/web3-utils": {
      "version": "1.10.4",
      "resolved": "https://registry.npmjs.org/web3-utils/-/web3-utils-1.10.4.tgz",
      "integrity": "sha512-tsu8FiKJLk2PzhDl9fXbGUWTkkVXYhtTA+SmEFkKft+9BgwLxfCRpU96sWv7ICC8zixBNd3JURVoiR3dUXgP8A==",
      "dependencies": {
        "@ethereumjs/util": "^8.1.0",
        "bn.js": "^5.2.1",
        "ethereum-bloom-filters": "^1.0.6",
        "ethereum-cryptography": "^2.1.2",
        "ethjs-unit": "0.1.6",
        "number-to-bn": "1.7.0",
        "randombytes": "^2.1.0",
        "utf8": "3.0.0"
      },
      "engines": {
        "node": ">=8.0.0"
      }
    },
    "node_modules/web3-utils/node_modules/utf8": {
      "version": "3.0.0",
      "resolved": "https://registry.npmjs.org/utf8/-/utf8-3.0.0.tgz",
      "integrity": "sha512-E8VjFIQ/TyQgp+TZfS6l8yp/xWppSAHzidGiRrqe4bK4XP9pTRyKFgGJpO3SN7zdX4DeomTrwaseCHovfpFcqQ=="
    },
    "node_modules/webidl-conversions": {
      "version": "3.0.1",
      "resolved": "https://registry.npmjs.org/webidl-conversions/-/webidl-conversions-3.0.1.tgz",
      "integrity": "sha512-2JAn3z8AR6rjK8Sm8orRC0h/bcl/DqL7tRPdGZ4I1CjdF+EaMLmYxBHyXuKL849eucPFhvBoxMsflfOb8kxaeQ=="
    },
    "node_modules/whatwg-url": {
      "version": "5.0.0",
      "resolved": "https://registry.npmjs.org/whatwg-url/-/whatwg-url-5.0.0.tgz",
      "integrity": "sha512-saE57nupxk6v3HY35+jzBwYa0rKSy0XR8JSxZPwgLr7ys0IBzhGviA1/TUGJLmSVqs8pb9AnvICXEuOHLprYTw==",
      "dependencies": {
        "tr46": "~0.0.3",
        "webidl-conversions": "^3.0.0"
      }
    },
    "node_modules/ws": {
      "version": "7.5.9",
      "resolved": "https://registry.npmjs.org/ws/-/ws-7.5.9.tgz",
      "integrity": "sha512-F+P9Jil7UiSKSkppIiD94dN07AwvFixvLIj1Og1Rl9GGMuNipJnV9JzjD6XuqmAeiswGvUmNLjr5cFuXwNS77Q==",
      "engines": {
        "node": ">=8.3.0"
      },
      "peerDependencies": {
        "bufferutil": "^4.0.1",
        "utf-8-validate": "^5.0.2"
      },
      "peerDependenciesMeta": {
        "bufferutil": {
          "optional": true
        },
        "utf-8-validate": {
          "optional": true
        }
      }
    }
  }
}
